
Microsoft Visual Studio Solution File, Format Version 12.00
# Visual Studio 2012
Project("{FAE04EC0-301F-11D3-BF4B-00C04F79EFBC}") = "SppLauncher", "SppLauncher\SppLauncher.csproj", "{51E1AB11-8A59-41F9-A811-636832B87A6B}"
EndProject
Global
	GlobalSection(SolutionConfigurationPlatforms) = preSolution
		Debug|Any CPU = Debug|Any CPU
		Release|Any CPU = Release|Any CPU
	EndGlobalSection
	GlobalSection(ProjectConfigurationPlatforms) = postSolution
		{51E1AB11-8A59-41F9-A811-636832B87A6B}.Debug|Any CPU.ActiveCfg = Debug|Any CPU
		{51E1AB11-8A59-41F9-A811-636832B87A6B}.Debug|Any CPU.Build.0 = Debug|Any CPU
		{51E1AB11-8A59-41F9-A811-636832B87A6B}.Release|Any CPU.ActiveCfg = Release|Any CPU
		{51E1AB11-8A59-41F9-A811-636832B87A6B}.Release|Any CPU.Build.0 = Release|Any CPU
	EndGlobalSection
	GlobalSection(SolutionProperties) = preSolution
		HideSolutionNode = FALSE
	EndGlobalSection
	GlobalSection(Performance) = preSolution
		HasPerformanceSessions = true
	EndGlobalSection
	GlobalSection(CodealikeProperties) = postSolution
		SolutionGuid = 01c6b685-ddb6-4656-acc2-9904a73e5362
	EndGlobalSection
EndGlobal
